
Microsoft Visual Studio Solution File, Format Version 12.00
# Visual Studio 2012
Project("{FAE04EC0-301F-11D3-BF4B-00C04F79EFBC}") = "03-27Controles", "03-27Controles\03-27Controles.csproj", "{2A4E2210-A5B0-49C9-A458-CC0DA948D9ED}"
EndProject
Global
	GlobalSection(SolutionConfigurationPlatforms) = preSolution
		Debug|Any CPU = Debug|Any CPU
		Release|Any CPU = Release|Any CPU
	EndGlobalSection
	GlobalSection(ProjectConfigurationPlatforms) = postSolution
		{2A4E2210-A5B0-49C9-A458-CC0DA948D9ED}.Debug|Any CPU.ActiveCfg = Debug|Any CPU
		{2A4E2210-A5B0-49C9-A458-CC0DA948D9ED}.Debug|Any CPU.Build.0 = Debug|Any CPU
		{2A4E2210-A5B0-49C9-A458-CC0DA948D9ED}.Release|Any CPU.ActiveCfg = Release|Any CPU
		{2A4E2210-A5B0-49C9-A458-CC0DA948D9ED}.Release|Any CPU.Build.0 = Release|Any CPU
	EndGlobalSection
	GlobalSection(SolutionProperties) = preSolution
		HideSolutionNode = FALSE
	EndGlobalSection
EndGlobal
